
Microsoft Visual Studio Solution File, Format Version 12.00
# Visual Studio Version 17
VisualStudioVersion = 17.9.34622.214
MinimumVisualStudioVersion = 10.0.40219.1
Project("{FAE04EC0-301F-11D3-BF4B-00C04F79EFBC}") = "TestApiJwt", "TestApiJwt.csproj", "{D7DFB52E-E3CB-4B08-9BD8-048CAD9210B0}"
EndProject
Global
	GlobalSection(SolutionConfigurationPlatforms) = preSolution
		Debug|Any CPU = Debug|Any CPU
		Release|Any CPU = Release|Any CPU
	EndGlobalSection
	GlobalSection(ProjectConfigurationPlatforms) = postSolution
		{D7DFB52E-E3CB-4B08-9BD8-048CAD9210B0}.Debug|Any CPU.ActiveCfg = Debug|Any CPU
		{D7DFB52E-E3CB-4B08-9BD8-048CAD9210B0}.Debug|Any CPU.Build.0 = Debug|Any CPU
		{D7DFB52E-E3CB-4B08-9BD8-048CAD9210B0}.Release|Any CPU.ActiveCfg = Release|Any CPU
		{D7DFB52E-E3CB-4B08-9BD8-048CAD9210B0}.Release|Any CPU.Build.0 = Release|Any CPU
	EndGlobalSection
	GlobalSection(SolutionProperties) = preSolution
		HideSolutionNode = FALSE
	EndGlobalSection
	GlobalSection(ExtensibilityGlobals) = postSolution
		SolutionGuid = {C1AEF832-2019-4F9E-89DF-DC36D4AA2B8A}
	EndGlobalSection
EndGlobal
